schema: '2.0'
stages:
  split:
    cmd: python3 /home/ubuntu/examen-dvc/src/data/split_data.py
    deps:
    - path: data/raw_data/raw.csv
      hash: md5
      md5: c013bfc69dd7318530b9c78da9805231
      size: 333757
    - path: src/data/split_data.py
      hash: md5
      md5: cce2ef02b25b1483612172221ea58a9a
      size: 813
    outs:
    - path: data/processed_data/X_test.csv
      hash: md5
      md5: b2af62a7e108b077aec89fa2622996db
      size: 52624
    - path: data/processed_data/X_train.csv
      hash: md5
      md5: 808daf878cbc89791c62c3b6f676b766
      size: 209468
    - path: data/processed_data/y_test.csv
      hash: md5
      md5: a051d29629c8bbb4cfb7e85c7f0315da
      size: 6456
    - path: data/processed_data/y_train.csv
      hash: md5
      md5: a9cd9d91da89f732843d72548f64ded3
      size: 25951
  normaliza:
    cmd: python3 /home/ubuntu/examen-dvc/src/data/normalization.py
    deps:
    - path: data/processed_data/X_test.csv
      hash: md5
      md5: b2af62a7e108b077aec89fa2622996db
      size: 52624
    - path: data/processed_data/X_train.csv
      hash: md5
      md5: 808daf878cbc89791c62c3b6f676b766
      size: 209468
    - path: src/data/normalization.py
      hash: md5
      md5: e4b302b873b6a8930872c4373619713e
      size: 705
    outs:
    - path: data/processed_data/X_test_scaled.csv
      hash: md5
      md5: 0f4c996c4c775c629ee7730acb4bf415
      size: 58366
    - path: data/processed_data/X_train_scaled.csv
      hash: md5
      md5: 28ae934c07d4706abbcb64882a642833
      size: 233632
  find_best_params:
    cmd: python3 /home/ubuntu/examen-dvc/src/data/best_params.py
    deps:
    - path: data/processed_data/X_train_scaled.csv
      hash: md5
      md5: 28ae934c07d4706abbcb64882a642833
      size: 233632
    - path: data/processed_data/y_train.csv
      hash: md5
      md5: a9cd9d91da89f732843d72548f64ded3
      size: 25951
    - path: src/data/best_params.py
      hash: md5
      md5: 21f49c661ef4284e5b43e26257e8b0e4
      size: 973
    outs:
    - path: src/models/best_params.pickle
      hash: md5
      md5: 3a0507ce8c7f4228b8b9436410f34510
      size: 68
  evaluate:
    cmd: python3 '/home/ubuntu/examen-dvc/src/data/evaluate_model.py'
    deps:
    - path: data/processed_data/X_test_scaled.csv
      hash: md5
      md5: 0f4c996c4c775c629ee7730acb4bf415
      size: 58366
    - path: data/processed_data/y_test.csv
      hash: md5
      md5: a051d29629c8bbb4cfb7e85c7f0315da
      size: 6456
    - path: models/train_model.pickle
      hash: md5
      md5: 472953ab6c6d375af30a9fddb8aa3f63
      size: 840
    outs:
    - path: data/prediction.csv
      hash: md5
      md5: e713d723c977c908f4ddbe55429572d5
      size: 6765
    - path: metrics/score.json
      hash: md5
      md5: ff563cc5f3c2be35eb8f8471bec6319f
      size: 80
  train_model:
    cmd: python3 /home/ubuntu/examen-dvc/src/data/train_model.py
    deps:
    - path: data/processed_data/X_train_scaled.csv
      hash: md5
      md5: 28ae934c07d4706abbcb64882a642833
      size: 233632
    - path: data/processed_data/y_train.csv
      hash: md5
      md5: a9cd9d91da89f732843d72548f64ded3
      size: 25951
    - path: src/models/best_params.pickle
      hash: md5
      md5: 3a0507ce8c7f4228b8b9436410f34510
      size: 68
    outs:
    - path: models/train_model.pickle
      hash: md5
      md5: 472953ab6c6d375af30a9fddb8aa3f63
      size: 840
