schema: '2.0'
stages:
  split:
    cmd: python3 /home/ubuntu/examen-dvc/src/data/split_data.py
    deps:
    - path: data/raw_data/raw.csv
      hash: md5
      md5: d56805d4b036e538b48c1b638ba4fca2
      size: 333757
    - path: src/data/split_data.py
      hash: md5
      md5: cce2ef02b25b1483612172221ea58a9a
      size: 813
    outs:
    - path: data/processed_data/X_test.csv
      hash: md5
      md5: b2af62a7e108b077aec89fa2622996db
      size: 52624
    - path: data/processed_data/X_train.csv
      hash: md5
      md5: 7f10a48d29256ad8a10203a4b868cf34
      size: 209468
    - path: data/processed_data/y_test.csv
      hash: md5
      md5: a051d29629c8bbb4cfb7e85c7f0315da
      size: 6456
    - path: data/processed_data/y_train.csv
      hash: md5
      md5: a9cd9d91da89f732843d72548f64ded3
      size: 25951
  normaliza:
    cmd: python3 /home/ubuntu/examen-dvc/src/data/normalization.py
    deps:
    - path: data/processed_data/X_test.csv
      hash: md5
      md5: b2af62a7e108b077aec89fa2622996db
      size: 52624
    - path: data/processed_data/X_train.csv
      hash: md5
      md5: 7f10a48d29256ad8a10203a4b868cf34
      size: 209468
    - path: src/data/normalization.py
      hash: md5
      md5: e4b302b873b6a8930872c4373619713e
      size: 705
    outs:
    - path: data/processed_data/X_test_scaled.csv
      hash: md5
      md5: 18d2c773aa17528ec218707b1c13e551
      size: 58381
    - path: data/processed_data/X_train_scaled.csv
      hash: md5
      md5: f741d8dfc94e8b65df2e2ee9be6c6861
      size: 233629
  find_best_params:
    cmd: python3 /home/ubuntu/examen-dvc/src/data/best_params.py
    deps:
    - path: data/processed_data/X_train_scaled.csv
      hash: md5
      md5: f741d8dfc94e8b65df2e2ee9be6c6861
      size: 233629
    - path: data/processed_data/y_train.csv
      hash: md5
      md5: a9cd9d91da89f732843d72548f64ded3
      size: 25951
    - path: src/data/best_params.py
      hash: md5
      md5: 21f49c661ef4284e5b43e26257e8b0e4
      size: 973
    outs:
    - path: src/models/best_params.pickle
      hash: md5
      md5: 3a0507ce8c7f4228b8b9436410f34510
      size: 68
  evaluate:
    cmd: python3 '/home/ubuntu/examen-dvc/src/data/evaluate_model.py'
    deps:
    - path: data/processed_data/X_test_scaled.csv
      hash: md5
      md5: 18d2c773aa17528ec218707b1c13e551
      size: 58381
    - path: data/processed_data/y_test.csv
      hash: md5
      md5: a051d29629c8bbb4cfb7e85c7f0315da
      size: 6456
    - path: models/train_model.pickle
      hash: md5
      md5: 2b29f2a99c91a491594342587e693957
      size: 840
    outs:
    - path: data/prediction.csv
      hash: md5
      md5: 1e1f54ba5dd99adf40475748cfe8935d
      size: 6767
    - path: metrics/score.json
      hash: md5
      md5: 31b1c3b30c33dc6dec3bb9950903c24f
      size: 81
  train_model:
    cmd: python3 /home/ubuntu/examen-dvc/src/data/train_model.py
    deps:
    - path: data/processed_data/X_train_scaled.csv
      hash: md5
      md5: f741d8dfc94e8b65df2e2ee9be6c6861
      size: 233629
    - path: data/processed_data/y_train.csv
      hash: md5
      md5: a9cd9d91da89f732843d72548f64ded3
      size: 25951
    - path: src/models/best_params.pickle
      hash: md5
      md5: 3a0507ce8c7f4228b8b9436410f34510
      size: 68
    outs:
    - path: models/train_model.pickle
      hash: md5
      md5: 2b29f2a99c91a491594342587e693957
      size: 840
